
Microsoft Visual Studio Solution File, Format Version 12.00
# Visual Studio 2013
VisualStudioVersion = 12.0.40629.0
MinimumVisualStudioVersion = 10.0.40219.1
Project("{FAE04EC0-301F-11D3-BF4B-00C04F79EFBC}") = "XwaImcEditor", "XwaImcEditor\XwaImcEditor.csproj", "{5D2B01DE-B1A9-4964-A4A6-12ED9A5C61CA}"
EndProject
Project("{FAE04EC0-301F-11D3-BF4B-00C04F79EFBC}") = "XwaImcPlayer", "XwaImcPlayer\XwaImcPlayer.csproj", "{99DDB88B-3004-400D-AE0F-3FAF398D7EF3}"
EndProject
Global
	GlobalSection(SolutionConfigurationPlatforms) = preSolution
		Debug|Any CPU = Debug|Any CPU
		Release|Any CPU = Release|Any CPU
	EndGlobalSection
	GlobalSection(ProjectConfigurationPlatforms) = postSolution
		{5D2B01DE-B1A9-4964-A4A6-12ED9A5C61CA}.Debug|Any CPU.ActiveCfg = Debug|Any CPU
		{5D2B01DE-B1A9-4964-A4A6-12ED9A5C61CA}.Debug|Any CPU.Build.0 = Debug|Any CPU
		{5D2B01DE-B1A9-4964-A4A6-12ED9A5C61CA}.Release|Any CPU.ActiveCfg = Release|Any CPU
		{5D2B01DE-B1A9-4964-A4A6-12ED9A5C61CA}.Release|Any CPU.Build.0 = Release|Any CPU
		{99DDB88B-3004-400D-AE0F-3FAF398D7EF3}.Debug|Any CPU.ActiveCfg = Debug|Any CPU
		{99DDB88B-3004-400D-AE0F-3FAF398D7EF3}.Debug|Any CPU.Build.0 = Debug|Any CPU
		{99DDB88B-3004-400D-AE0F-3FAF398D7EF3}.Release|Any CPU.ActiveCfg = Release|Any CPU
		{99DDB88B-3004-400D-AE0F-3FAF398D7EF3}.Release|Any CPU.Build.0 = Release|Any CPU
	EndGlobalSection
	GlobalSection(SolutionProperties) = preSolution
		HideSolutionNode = FALSE
	EndGlobalSection
EndGlobal
